
Microsoft Visual Studio Solution File, Format Version 12.00
# Visual Studio Version 16
VisualStudioVersion = 16.0.29025.244
MinimumVisualStudioVersion = 10.0.40219.1
Project("{FAE04EC0-301F-11D3-BF4B-00C04F79EFBC}") = "HelloWorld", "HelloWorld\HelloWorld.csproj", "{BC07C1F5-7C58-441E-B9C4-3980A9F95435}"
EndProject
Global
	GlobalSection(SolutionConfigurationPlatforms) = preSolution
		Debug|Any CPU = Debug|Any CPU
		Release|Any CPU = Release|Any CPU
	EndGlobalSection
	GlobalSection(ProjectConfigurationPlatforms) = postSolution
		{BC07C1F5-7C58-441E-B9C4-3980A9F95435}.Debug|Any CPU.ActiveCfg = Debug|Any CPU
		{BC07C1F5-7C58-441E-B9C4-3980A9F95435}.Debug|Any CPU.Build.0 = Debug|Any CPU
		{BC07C1F5-7C58-441E-B9C4-3980A9F95435}.Release|Any CPU.ActiveCfg = Release|Any CPU
		{BC07C1F5-7C58-441E-B9C4-3980A9F95435}.Release|Any CPU.Build.0 = Release|Any CPU
	EndGlobalSection
	GlobalSection(SolutionProperties) = preSolution
		HideSolutionNode = FALSE
	EndGlobalSection
	GlobalSection(ExtensibilityGlobals) = postSolution
		SolutionGuid = {E8AA80C2-6836-4A5D-8863-EA45D95C9A7F}
	EndGlobalSection
EndGlobal
