
Microsoft Visual Studio Solution File, Format Version 12.00
# Visual Studio Version 16
VisualStudioVersion = 16.0.29025.244
MinimumVisualStudioVersion = 10.0.40219.1
Project("{FAE04EC0-301F-11D3-BF4B-00C04F79EFBC}") = "TypeConversion", "TypeConversion\TypeConversion.csproj", "{9B17F8FD-DDB9-40A3-8063-71F5396B7983}"
EndProject
Global
	GlobalSection(SolutionConfigurationPlatforms) = preSolution
		Debug|Any CPU = Debug|Any CPU
		Release|Any CPU = Release|Any CPU
	EndGlobalSection
	GlobalSection(ProjectConfigurationPlatforms) = postSolution
		{9B17F8FD-DDB9-40A3-8063-71F5396B7983}.Debug|Any CPU.ActiveCfg = Debug|Any CPU
		{9B17F8FD-DDB9-40A3-8063-71F5396B7983}.Debug|Any CPU.Build.0 = Debug|Any CPU
		{9B17F8FD-DDB9-40A3-8063-71F5396B7983}.Release|Any CPU.ActiveCfg = Release|Any CPU
		{9B17F8FD-DDB9-40A3-8063-71F5396B7983}.Release|Any CPU.Build.0 = Release|Any CPU
	EndGlobalSection
	GlobalSection(SolutionProperties) = preSolution
		HideSolutionNode = FALSE
	EndGlobalSection
	GlobalSection(ExtensibilityGlobals) = postSolution
		SolutionGuid = {9BB1CA75-FD09-4F79-89DA-DBEBAB201B57}
	EndGlobalSection
EndGlobal
